{
  "version": 4,
  "terraform_version": "1.12.1",
  "serial": 4,
  "lineage": "b3da2f9e-699f-6f6b-9528-ed19752ec698",
  "outputs": {},
  "resources": [
    {
      "mode": "managed",
      "type": "google_storage_bucket",
      "name": "GCS1",
      "provider": "provider[\"registry.terraform.io/hashicorp/google\"]",
      "instances": [
        {
          "schema_version": 1,
          "attributes": {
            "autoclass": [],
            "cors": [],
            "custom_placement_config": [],
            "default_event_based_hold": false,
            "effective_labels": {
              "cost_center": "marketing",
              "environment": "development",
              "owner": "tim_dunphy",
              "project_app": "terraform-test"
            },
            "encryption": [],
            "force_destroy": false,
            "id": "bucket-from-terraform-tim-dunphy-2025",
            "labels": {
              "cost_center": "marketing",
              "environment": "development",
              "owner": "tim_dunphy",
              "project_app": "terraform-test"
            },
            "lifecycle_rule": [],
            "location": "US-CENTRAL1",
            "logging": [],
            "name": "bucket-from-terraform-tim-dunphy-2025",
            "project": "terraform-461115",
            "public_access_prevention": "inherited",
            "requester_pays": false,
            "retention_policy": [],
            "self_link": "https://www.googleapis.com/storage/v1/b/bucket-from-terraform-tim-dunphy-2025",
            "storage_class": "STANDARD",
            "terraform_labels": {
              "cost_center": "marketing",
              "environment": "development",
              "owner": "tim_dunphy",
              "project_app": "terraform-test"
            },
            "timeouts": null,
            "uniform_bucket_level_access": true,
            "url": "gs://bucket-from-terraform-tim-dunphy-2025",
            "versioning": [],
            "website": []
          },
          "sensitive_attributes": [],
          "identity_schema_version": 0,
          "private": "eyJlMmJmYjczMC1lY2FhLTExZTYtOGY4OC0zNDM2M2JjN2M0YzAiOnsiY3JlYXRlIjo2MDAwMDAwMDAwMDAsInJlYWQiOjI0MDAwMDAwMDAwMCwidXBkYXRlIjoyNDAwMDAwMDAwMDB9LCJzY2hlbWFfdmVyc2lvbiI6IjEifQ=="
        }
      ]
    },
    {
      "mode": "managed",
      "type": "google_storage_bucket_object",
      "name": "photo",
      "provider": "provider[\"registry.terraform.io/hashicorp/google\"]",
      "instances": [
        {
          "schema_version": 0,
          "attributes": {
            "bucket": "bucket-from-terraform-tim-dunphy-2025",
            "cache_control": "",
            "content": null,
            "content_disposition": "",
            "content_encoding": "",
            "content_language": "",
            "content_type": "image/png",
            "crc32c": "DSdBJA==",
            "customer_encryption": [],
            "detect_md5hash": "EQcUH3VQN1ykWRUber3p/Q==",
            "event_based_hold": false,
            "id": "bucket-from-terraform-tim-dunphy-2025-randomn_photo",
            "kms_key_name": "",
            "md5hash": "EQcUH3VQN1ykWRUber3p/Q==",
            "media_link": "https://storage.googleapis.com/download/storage/v1/b/bucket-from-terraform-tim-dunphy-2025/o/randomn_photo?generation=1748617523512144\u0026alt=media",
            "metadata": null,
            "name": "randomn_photo",
            "output_name": "randomn_photo",
            "self_link": "https://www.googleapis.com/storage/v1/b/bucket-from-terraform-tim-dunphy-2025/o/randomn_photo",
            "source": "devops.png",
            "storage_class": "STANDARD",
            "temporary_hold": false,
            "timeouts": null
          },
          "sensitive_attributes": [
            [
              {
                "type": "get_attr",
                "value": "content"
              }
            ]
          ],
          "identity_schema_version": 0,
          "private": "eyJlMmJmYjczMC1lY2FhLTExZTYtOGY4OC0zNDM2M2JjN2M0YzAiOnsiY3JlYXRlIjoyNDAwMDAwMDAwMDAsImRlbGV0ZSI6MjQwMDAwMDAwMDAwLCJ1cGRhdGUiOjI0MDAwMDAwMDAwMH19",
          "dependencies": [
            "google_storage_bucket.GCS1"
          ]
        }
      ]
    }
  ],
  "check_results": null
}
