{
  "version": 4,
  "terraform_version": "1.12.1",
  "serial": 28,
  "lineage": "d1ca8456-be4e-14cd-6725-1cbb1a0738b8",
  "outputs": {
    "email": {
      "value": "terraform-sa@terraform-461115.iam.gserviceaccount.com",
      "type": "string"
    },
    "name": {
      "value": "projects/terraform-461115/serviceAccounts/terraform-sa@terraform-461115.iam.gserviceaccount.com",
      "type": "string"
    },
    "unique_id": {
      "value": "105846904325832790492",
      "type": "string"
    }
  },
  "resources": [
    {
      "mode": "data",
      "type": "google_client_config",
      "name": "google_client",
      "provider": "provider[\"registry.terraform.io/hashicorp/google\"]",
      "instances": [
        {
          "schema_version": 0,
          "attributes": {
            "access_token": "ya29.c.c0ASRK0GZe_uSsSX1zcrFRlIZ_oOGTZG9-NgsmHpki5e5cVceZczIHKaBnDNfV5mz6gL8-uz_ZfV2fJkrdA0Rff5EqANb0ZbvvLTPAj8Tcukilsk5KxBcVcKUyGOTyKW9mv453fQF2lP8BBZSC3DrOnrkqmBIUWltpJ2jkwJoPZc2baETNAUoWvHNOM7p4Q5xKdBu3HG-Fe2e5YWkQwUB7YKkaUMRRI0_h66Yj-ruLzYneqTISx0ZwFOfTBhZzYws8MyVFScXLIdYp-0shOTJb-7Mdkr2QpxjSuno8Ilv2Wzsq_7yetksBwagPtNUZO08CvMqAHGjZag_5YcIqDeSLtz3N22CkN8xjoeb05aP6K3-V5OTI_waKJLThN5IG388Ajsfl4gyqxqtap4eRcFddVxorQwqbBwxRvQBV5qU84FOrpZbFQhsy_FzQ5mgFSnFZo8r4wo5xJUqvsZ92Q5JcJ2Fh02k6dZae6F6wzvF3I19BakM-gcaM1Bo3Ri_8Zn9W-duWJcn-9_wsncsIZpbvza9iQhsjh8Ft6Fp16nY5uBV9qbVQSYsByYZIoSccrv2qsXb14p9n4Xl0ct-F_B-Sqx5uobSxkQrjed2YX_g1-cYrwg-v65UVYrFh-Zj35085RSY4uSmu8uogd_Js7dzh89Jy3ZdyvR25SMJUiZ5Uk3eXut022q5UpfqUwv9JXRftufkXwp7pZzj1oQuYBWj8wR4jdWXRlRdq0WQ7gfRzmw8hewMis32Ouba7JQWj8yjkjdhxIontuS167yBox4-k0qmsSkSr5JWRls3ki1g1weI3z5Wbi52SiJox4vrRxivIq7MF188BxR0besmprrqb2_WgRpUMxm9jYipIjuwb3eo7VugZ0qt578i5JduZhZO_VvmXlJkc5mo1IuynXX__jiUlIv6ufkmUVYt_ZsZV9g_mlbz7pOB2JgshWWapa4IShMpohxrs_qtVs-V1Sy0ehsWXaXb2fFOqMv2tn-mXiakSyvecOB1ruuW",
            "id": "projects/\"terraform-461115\"/regions/\"us-central1\"/zones/\"us-central1-a\"",
            "project": "terraform-461115",
            "region": "us-central1",
            "zone": "us-central1-a"
          },
          "sensitive_attributes": [
            [
              {
                "type": "get_attr",
                "value": "access_token"
              }
            ]
          ],
          "identity_schema_version": 0
        }
      ]
    },
    {
      "mode": "managed",
      "type": "google_compute_instance",
      "name": "vm-fromterraform",
      "provider": "provider[\"registry.terraform.io/hashicorp/google\"]",
      "instances": [
        {
          "schema_version": 6,
          "attributes": {
            "advanced_machine_features": [],
            "allow_stopping_for_update": true,
            "attached_disk": [],
            "boot_disk": [
              {
                "auto_delete": true,
                "device_name": "persistent-disk-0",
                "disk_encryption_key_raw": "",
                "disk_encryption_key_sha256": "",
                "initialize_params": [
                  {
                    "enable_confidential_compute": false,
                    "image": "https://www.googleapis.com/compute/v1/projects/debian-cloud/global/images/debian-11-bullseye-v20250513",
                    "labels": {
                      "disk_function": "boot_os",
                      "environment": "development",
                      "managed_by": "terraform",
                      "os_type": "debian-11"
                    },
                    "provisioned_iops": 0,
                    "provisioned_throughput": 0,
                    "resource_manager_tags": null,
                    "size": 10,
                    "type": "pd-standard"
                  }
                ],
                "kms_key_self_link": "",
                "mode": "READ_WRITE",
                "source": "https://www.googleapis.com/compute/v1/projects/terraform-461115/zones/us-central1-a/disks/vm-from-terraform"
              }
            ],
            "can_ip_forward": false,
            "confidential_instance_config": [],
            "cpu_platform": "AMD Rome",
            "current_status": "RUNNING",
            "deletion_protection": false,
            "description": "",
            "desired_status": null,
            "effective_labels": {
              "created_by": "terraform",
              "environment": "development",
              "function": "web-server"
            },
            "enable_display": false,
            "guest_accelerator": [],
            "hostname": "",
            "id": "projects/terraform-461115/zones/us-central1-a/instances/vm-from-terraform",
            "instance_id": "334424208477283085",
            "label_fingerprint": "550wbhcsn48=",
            "labels": {
              "created_by": "terraform",
              "environment": "development",
              "function": "web-server"
            },
            "machine_type": "e2-medium",
            "metadata": null,
            "metadata_fingerprint": "NkKoL-ZBuG4=",
            "metadata_startup_script": "echo hi \u003e /test.txt",
            "min_cpu_platform": "",
            "name": "vm-from-terraform",
            "network_interface": [
              {
                "access_config": [],
                "alias_ip_range": [],
                "internal_ipv6_prefix_length": 0,
                "ipv6_access_config": [],
                "ipv6_access_type": "",
                "ipv6_address": "",
                "name": "nic0",
                "network": "https://www.googleapis.com/compute/v1/projects/terraform-461115/global/networks/default",
                "network_ip": "10.128.0.4",
                "nic_type": "",
                "queue_count": 0,
                "stack_type": "IPV4_ONLY",
                "subnetwork": "https://www.googleapis.com/compute/v1/projects/terraform-461115/regions/us-central1/subnetworks/default",
                "subnetwork_project": "terraform-461115"
              }
            ],
            "network_performance_config": [],
            "params": [],
            "project": "terraform-461115",
            "reservation_affinity": [],
            "resource_policies": null,
            "scheduling": [
              {
                "automatic_restart": true,
                "instance_termination_action": "",
                "local_ssd_recovery_timeout": [],
                "max_run_duration": [],
                "min_node_cpus": 0,
                "node_affinities": [],
                "on_host_maintenance": "MIGRATE",
                "on_instance_stop_action": [],
                "preemptible": false,
                "provisioning_model": "STANDARD"
              }
            ],
            "scratch_disk": [],
            "self_link": "https://www.googleapis.com/compute/v1/projects/terraform-461115/zones/us-central1-a/instances/vm-from-terraform",
            "service_account": [],
            "shielded_instance_config": [
              {
                "enable_integrity_monitoring": true,
                "enable_secure_boot": false,
                "enable_vtpm": true
              }
            ],
            "tags": [
              "e2-medium",
              "vm-from-tf",
              "web-server"
            ],
            "tags_fingerprint": "dAJwv4Q5dgU=",
            "terraform_labels": {
              "created_by": "terraform",
              "environment": "development",
              "function": "web-server"
            },
            "timeouts": null,
            "zone": "us-central1-a"
          },
          "sensitive_attributes": [
            [
              {
                "type": "get_attr",
                "value": "boot_disk"
              },
              {
                "type": "index",
                "value": {
                  "value": 0,
                  "type": "number"
                }
              },
              {
                "type": "get_attr",
                "value": "disk_encryption_key_raw"
              }
            ]
          ],
          "identity_schema_version": 0,
          "private": "eyJlMmJmYjczMC1lY2FhLTExZTYtOGY4OC0zNDM2M2JjN2M0YzAiOnsiY3JlYXRlIjoxMjAwMDAwMDAwMDAwLCJkZWxldGUiOjEyMDAwMDAwMDAwMDAsInVwZGF0ZSI6MTIwMDAwMDAwMDAwMH0sInNjaGVtYV92ZXJzaW9uIjoiNiJ9"
        }
      ]
    },
    {
      "mode": "managed",
      "type": "google_project_iam_member",
      "name": "sa_iam",
      "provider": "provider[\"registry.terraform.io/hashicorp/google\"]",
      "instances": [
        {
          "index_key": "roles/storage.admin",
          "schema_version": 0,
          "attributes": {
            "condition": [],
            "etag": "BwY2XPrHfXo=",
            "id": "terraform-461115/roles/storage.admin/serviceAccount:terraform-sa@terraform-461115.iam.gserviceaccount.com",
            "member": "serviceAccount:terraform-sa@terraform-461115.iam.gserviceaccount.com",
            "project": "terraform-461115",
            "role": "roles/storage.admin"
          },
          "sensitive_attributes": [],
          "identity_schema_version": 0,
          "private": "bnVsbA==",
          "dependencies": [
            "data.google_client_config.google_client",
            "google_service_account.sa"
          ]
        }
      ]
    },
    {
      "mode": "managed",
      "type": "google_service_account",
      "name": "sa",
      "provider": "provider[\"registry.terraform.io/hashicorp/google\"]",
      "instances": [
        {
          "schema_version": 0,
          "attributes": {
            "account_id": "terraform-sa",
            "create_ignore_already_exists": null,
            "description": "",
            "disabled": false,
            "display_name": "managed-by-terraform",
            "email": "terraform-sa@terraform-461115.iam.gserviceaccount.com",
            "id": "projects/terraform-461115/serviceAccounts/terraform-sa@terraform-461115.iam.gserviceaccount.com",
            "member": "serviceAccount:terraform-sa@terraform-461115.iam.gserviceaccount.com",
            "name": "projects/terraform-461115/serviceAccounts/terraform-sa@terraform-461115.iam.gserviceaccount.com",
            "project": "terraform-461115",
            "timeouts": null,
            "unique_id": "105846904325832790492"
          },
          "sensitive_attributes": [],
          "identity_schema_version": 0,
          "private": "eyJlMmJmYjczMC1lY2FhLTExZTYtOGY4OC0zNDM2M2JjN2M0YzAiOnsiY3JlYXRlIjozMDAwMDAwMDAwMDB9fQ=="
        }
      ]
    },
    {
      "mode": "managed",
      "type": "google_service_account_key",
      "name": "gcp_tests",
      "provider": "provider[\"registry.terraform.io/hashicorp/google\"]",
      "instances": [
        {
          "schema_version": 0,
          "attributes": {
            "id": "projects/terraform-461115/serviceAccounts/terraform-sa@terraform-461115.iam.gserviceaccount.com/keys/1f6ae2edbb44a85c18abac5debd19c554e95c0f9",
            "keepers": null,
            "key_algorithm": "KEY_ALG_RSA_2048",
            "name": "projects/terraform-461115/serviceAccounts/terraform-sa@terraform-461115.iam.gserviceaccount.com/keys/1f6ae2edbb44a85c18abac5debd19c554e95c0f9",
            "private_key": "ewogICJ0eXBlIjogInNlcnZpY2VfYWNjb3VudCIsCiAgInByb2plY3RfaWQiOiAidGVycmFmb3JtLTQ2MTExNSIsCiAgInByaXZhdGVfa2V5X2lkIjogIjFmNmFlMmVkYmI0NGE4NWMxOGFiYWM1ZGViZDE5YzU1NGU5NWMwZjkiLAogICJwcml2YXRlX2tleSI6ICItLS0tLUJFR0lOIFBSSVZBVEUgS0VZLS0tLS1cbk1JSUV2d0lCQURBTkJna3Foa2lHOXcwQkFRRUZBQVNDQktrd2dnU2xBZ0VBQW9JQkFRQ3MxZUZ4cGxtcmRTc25cbnVoN0V2dHhVT1FrbXJHNy9UWnNUMTFNTGpMMDA3NFc1akZnNFlFTjRCUTNGVXZkNUt1VS9yUGgvRlh4QVhRSmhcbi9nN0xtRVRIdjhQVWNIdWQyeFZLWWFGSnBoZFJYT0loSi9NbjVDeU9leG5BSmdrY250cytBZ3pjTEloMzJwSkpcbmxhOFU4R3F5czZZb1U4MXRPV2RETnFsNEJRYXpydVpKRm9ORTZ2R25EMFhCRCthaXFhNkk3L2x3cWpUazFGdWdcbkRvYklGZExEUDBiWlNhTEhLaXk3OS9PdlFCL3NBdG1wcTNWOEI3U2RVdVhvcGFLZXg3SnZ1QWoxYnRtOTgwOGNcblI1cThMZDFQVThTYkNOK3hPSXBxVUU5RUZLbVpOeEhrclEwV2JaM1hIcTQxQmlpUFZKaGhHbWIzSHhDWWpEMFlcblI0TmliZTZuQWdNQkFBRUNnZ0VBQTlEeXRuRnNCMVNsZU1wNS9LcXZTNzBBTngxeDZOemZwRktSRnVnSGt3ZGVcbnFlZ2FkSkVhUEVUbjJtOUJYMzNQejdLQ0Zla25KY3dBMVRBVFJ6ai9pblAvVitNWUpzUnFjbTRxTlFZS3BsSENcbk5aQTFGcjdtTUVyNGltdFFJb1o2VHlLeDVlTGU4Mm1rSVpkQlZ3UXZ1MkFPcUZNdkpybUY2d0lRNnFVQWJ0TlBcbjNVL25LNFBmdU8ySnFWdEljYTdmb2FITE9zY3RNbkRmKzRrQXhqVW1UblJteFQ1M01tVGxQdm16bjlYaVJVRjJcbjJ0OVpzSlh0N1V0SGN6SHhNWTYvM0JXalcveEg5NHpqMVNWMnAwbk9Rbm9PczVUZG1zQnZkZXBSTWxYQ2gwM1RcblpGUlhGMFBPL2dqTk00cDhHK3AwNzVUMGtlVlhHdWZDWS9QM0VhWlpWUUtCZ1FEbTIvUWVlSTBRV1hzWVluSU5cbmdNQzVwbXo4SHVEekFvZ00yVUI0SlVSaDJ3RDZQd09NOXJEbDJuSmxrSjRqWFBhSVNSQU1yYzNTclRCMGdxZ01cbmwzdkpDd28ybk5qeG1lYUxpOEtBY3d3cHRNUVIyS3RoZUVMMGdwMm1WL3JTWXl5ZE9QakExYUhTZ3h4V3lzRzVcbmZwSDlQcTVmYkpLZGR0OWY4b0pNU0txaURRS0JnUUMvcUUyVk5UQkRpeGtLaS9IeUZUbHN4OE1mNUpId0VrUjhcbjc4Kzk5M2ErQUpTNncxQ05scFo5MWFzSVpkdU5aUW9UdTY0TmUwLzVmSk5DV0RyeDJHZlJ2SG55a2pSSHJ0S1BcbnJ4SzUwSmY4MElnb2FQSEtTSVU2ck1iV1h3MDNOcHR3WGkrZzlJa216eUJpYTlpam1KczRhODlscDVqN0V0dTlcbitVRHc0RXFLZ3dLQmdRRGxHdDMrcTJaYkZtSktCZERvUTZGLzNJRUdDR0wzNThnNjhCUEI2RUlmMXViMmNqakVcbjJVRWZLeFlpWTAzOURGSUJXSGpjREZSWnd0UjJtLy9JVjBGYWVHRlBaNE1JNmRIWkpQOEcyS1gyY2RXdlhGWmdcbmFhZ1EzZHMwYk5XWG15SjRlVVNzb3Bad3d2c0p5emhNTFNjV3F2RUQ5RXpnaGtzUi9pcC9LQkptdFFLQmdRQ3ZcbmhmK25pcEt0Q1JMaDZkQ25HSEVEQXQvY3NZUkdEVFRVQnZ5R3liL2h1cjU3WEt6RlB3aU1MY2I1WmU5d3l2d3pcbm5rcUU1azRUK3RjU2g2TlVJaERTc0g0dWZWK0wxcnZZQTBwdkNtNW5oc05yM3RDeHBVRCt2NFZLaHJxZnVrOFlcbjFlbGd5eE5naTRqcEdrUEpiOVdZRW9SYVlPZGw2WnQ5bkd5eExYaVc2UUtCZ1FDWGRua1pXWTRSTmszc2hMVjZcbllkNnMxSFpKbmQ5SXVmS1V3V3lka3pZR1BKS1NUNTVvY2hZNHVhR3JiWHhsSHErcFdhVDhFNGFqeVZycnpCY3VcbnVtamEyZHVsb05kUCs0SkEyUHRvUmdmV3lxOEEvcnJKQVlKS0VQRmhrVzQ2WDIzcEc3V0w0VklsREJoQTJXYXZcbnBRM1k4eDdpWENCU3hUSmFyeGQvdDFOS0tRPT1cbi0tLS0tRU5EIFBSSVZBVEUgS0VZLS0tLS1cbiIsCiAgImNsaWVudF9lbWFpbCI6ICJ0ZXJyYWZvcm0tc2FAdGVycmFmb3JtLTQ2MTExNS5pYW0uZ3NlcnZpY2VhY2NvdW50LmNvbSIsCiAgImNsaWVudF9pZCI6ICIxMDU4NDY5MDQzMjU4MzI3OTA0OTIiLAogICJhdXRoX3VyaSI6ICJodHRwczovL2FjY291bnRzLmdvb2dsZS5jb20vby9vYXV0aDIvYXV0aCIsCiAgInRva2VuX3VyaSI6ICJodHRwczovL29hdXRoMi5nb29nbGVhcGlzLmNvbS90b2tlbiIsCiAgImF1dGhfcHJvdmlkZXJfeDUwOV9jZXJ0X3VybCI6ICJodHRwczovL3d3dy5nb29nbGVhcGlzLmNvbS9vYXV0aDIvdjEvY2VydHMiLAogICJjbGllbnRfeDUwOV9jZXJ0X3VybCI6ICJodHRwczovL3d3dy5nb29nbGVhcGlzLmNvbS9yb2JvdC92MS9tZXRhZGF0YS94NTA5L3RlcnJhZm9ybS1zYSU0MHRlcnJhZm9ybS00NjExMTUuaWFtLmdzZXJ2aWNlYWNjb3VudC5jb20iLAogICJ1bml2ZXJzZV9kb21haW4iOiAiZ29vZ2xlYXBpcy5jb20iCn0K",
            "private_key_type": "TYPE_GOOGLE_CREDENTIALS_FILE",
            "public_key": "LS0tLS1CRUdJTiBDRVJUSUZJQ0FURS0tLS0tCk1JSUMvVENDQWVXZ0F3SUJBZ0lKQUlBZlBWYkVtU0Q5TUEwR0NTcUdTSWIzRFFFQkJRVUFNQ0F4SGpBY0JnTlYKQkFNTUZURXdOVGcwTmprd05ETXlOVGd6TWpjNU1EUTVNakFnRncweU5UQTFNekF4TmpNek5EaGFHQTg1T1RrNQpNVEl6TVRJek5UazFPVm93SURFZU1Cd0dBMVVFQXd3Vk1UQTFPRFEyT1RBME16STFPRE15Tnprd05Ea3lNSUlCCklqQU5CZ2txaGtpRzl3MEJBUUVGQUFPQ0FROEFNSUlCQ2dLQ0FRRUFyTlhoY2FaWnEzVXJKN29leEw3Y1ZEa0oKSnF4dS8wMmJFOWRUQzR5OU5PK0Z1WXhZT0dCRGVBVU54VkwzZVNybFA2ejRmeFY4UUYwQ1lmNE95NWhFeDcvRAoxSEI3bmRzVlNtR2hTYVlYVVZ6aUlTZnpKK1Fzam5zWndDWUpISjdiUGdJTTNDeUlkOXFTU1pXdkZQQnFzck9tCktGUE5iVGxuUXphcGVBVUdzNjdtU1JhRFJPcnhwdzlGd1EvbW9xbXVpTy81Y0tvMDVOUmJvQTZHeUJYU3d6OUcKMlVtaXh5b3N1L2Z6cjBBZjdBTFpxYXQxZkFlMG5WTGw2S1dpbnNleWI3Z0k5VzdadmZOUEhFZWF2QzNkVDFQRQptd2pmc1RpS2FsQlBSQlNwbVRjUjVLME5GbTJkMXg2dU5RWW9qMVNZWVJwbTl4OFFtSXc5R0VlRFltM3Vwd0lECkFRQUJvemd3TmpBTUJnTlZIUk1CQWY4RUFqQUFNQTRHQTFVZER3RUIvd1FFQXdJSGdEQVdCZ05WSFNVQkFmOEUKRERBS0JnZ3JCZ0VGQlFjREFqQU5CZ2txaGtpRzl3MEJBUVVGQUFPQ0FRRUFmWllublAraDBxb1g2UXkwWm1uVQpKc2hkYklYek0zcHJVSW9PeVRPTnBXb2FCM3pPaDZWdCtXQnJvUlNWdnhzY2dUQVpvTllzb1ZYOU9lYS9qTGZ6Ci9lRHpsZVdlbmFnWDI2SUJXMFB6dFVwajlhQklPdnZMZENVeXN1QWVuTXUrY0hOdW1mandrU3JacnQ2Q1crVWUKZ3NCbUw0cnIrZkZkVk8yN3FoWHYvQ0I4WGwyb3pZSERGOW9ibWV1ZVlkNCtiZERzeFBqeHdFcmx2TkZiU24zZwp2dk41WHFSQU1wY3ZuQ2dYQkpKY2NmTVc3UEc1b0NDNWVhNk14NXJBalRVRkF5MGZlWldHTitianlreFB3aHNoCk1uV2FhTVBXOEZXNTRPUFpic1Z4cTIzQ1N5d2FXaUsxZ2ZCV2piTXRMREpNdGtKazhDUzV2NWYyUGNGZmt2SGQKU2c9PQotLS0tLUVORCBDRVJUSUZJQ0FURS0tLS0tCg==",
            "public_key_data": null,
            "public_key_type": "TYPE_X509_PEM_FILE",
            "service_account_id": "projects/terraform-461115/serviceAccounts/terraform-sa@terraform-461115.iam.gserviceaccount.com",
            "valid_after": "2025-05-30T16:33:48Z",
            "valid_before": "9999-12-31T23:59:59Z"
          },
          "sensitive_attributes": [
            [
              {
                "type": "get_attr",
                "value": "private_key"
              }
            ]
          ],
          "identity_schema_version": 0,
          "private": "bnVsbA==",
          "dependencies": [
            "google_service_account.sa"
          ]
        }
      ]
    },
    {
      "mode": "managed",
      "type": "local_file",
      "name": "gcp_tests_store",
      "provider": "provider[\"registry.terraform.io/hashicorp/local\"]",
      "instances": [
        {
          "schema_version": 0,
          "attributes": {
            "content": "{\n  \"type\": \"service_account\",\n  \"project_id\": \"terraform-461115\",\n  \"private_key_id\": \"1f6ae2edbb44a85c18abac5debd19c554e95c0f9\",\n  \"private_key\": \"-----BEGIN PRIVATE KEY-----\\nMIIEvwIBADANBgkqhkiG9w0BAQEFAASCBKkwggSlAgEAAoIBAQCs1eFxplmrdSsn\\nuh7EvtxUOQkmrG7/TZsT11MLjL0074W5jFg4YEN4BQ3FUvd5KuU/rPh/FXxAXQJh\\n/g7LmETHv8PUcHud2xVKYaFJphdRXOIhJ/Mn5CyOexnAJgkcnts+AgzcLIh32pJJ\\nla8U8Gqys6YoU81tOWdDNql4BQazruZJFoNE6vGnD0XBD+aiqa6I7/lwqjTk1Fug\\nDobIFdLDP0bZSaLHKiy79/OvQB/sAtmpq3V8B7SdUuXopaKex7JvuAj1btm9808c\\nR5q8Ld1PU8SbCN+xOIpqUE9EFKmZNxHkrQ0WbZ3XHq41BiiPVJhhGmb3HxCYjD0Y\\nR4Nibe6nAgMBAAECggEAA9DytnFsB1SleMp5/KqvS70ANx1x6NzfpFKRFugHkwde\\nqegadJEaPETn2m9BX33Pz7KCFeknJcwA1TATRzj/inP/V+MYJsRqcm4qNQYKplHC\\nNZA1Fr7mMEr4imtQIoZ6TyKx5eLe82mkIZdBVwQvu2AOqFMvJrmF6wIQ6qUAbtNP\\n3U/nK4PfuO2JqVtIca7foaHLOsctMnDf+4kAxjUmTnRmxT53MmTlPvmzn9XiRUF2\\n2t9ZsJXt7UtHczHxMY6/3BWjW/xH94zj1SV2p0nOQnoOs5TdmsBvdepRMlXCh03T\\nZFRXF0PO/gjNM4p8G+p075T0keVXGufCY/P3EaZZVQKBgQDm2/QeeI0QWXsYYnIN\\ngMC5pmz8HuDzAogM2UB4JURh2wD6PwOM9rDl2nJlkJ4jXPaISRAMrc3SrTB0gqgM\\nl3vJCwo2nNjxmeaLi8KAcwwptMQR2KtheEL0gp2mV/rSYyydOPjA1aHSgxxWysG5\\nfpH9Pq5fbJKddt9f8oJMSKqiDQKBgQC/qE2VNTBDixkKi/HyFTlsx8Mf5JHwEkR8\\n78+993a+AJS6w1CNlpZ91asIZduNZQoTu64Ne0/5fJNCWDrx2GfRvHnykjRHrtKP\\nrxK50Jf80IgoaPHKSIU6rMbWXw03NptwXi+g9IkmzyBia9ijmJs4a89lp5j7Etu9\\n+UDw4EqKgwKBgQDlGt3+q2ZbFmJKBdDoQ6F/3IEGCGL358g68BPB6EIf1ub2cjjE\\n2UEfKxYiY039DFIBWHjcDFRZwtR2m//IV0FaeGFPZ4MI6dHZJP8G2KX2cdWvXFZg\\naagQ3ds0bNWXmyJ4eUSsopZwwvsJyzhMLScWqvED9EzghksR/ip/KBJmtQKBgQCv\\nhf+nipKtCRLh6dCnGHEDAt/csYRGDTTUBvyGyb/hur57XKzFPwiMLcb5Ze9wyvwz\\nnkqE5k4T+tcSh6NUIhDSsH4ufV+L1rvYA0pvCm5nhsNr3tCxpUD+v4VKhrqfuk8Y\\n1elgyxNgi4jpGkPJb9WYEoRaYOdl6Zt9nGyxLXiW6QKBgQCXdnkZWY4RNk3shLV6\\nYd6s1HZJnd9IufKUwWydkzYGPJKST55ochY4uaGrbXxlHq+pWaT8E4ajyVrrzBcu\\numja2duloNdP+4JA2PtoRgfWyq8A/rrJAYJKEPFhkW46X23pG7WL4VIlDBhA2Wav\\npQ3Y8x7iXCBSxTJarxd/t1NKKQ==\\n-----END PRIVATE KEY-----\\n\",\n  \"client_email\": \"terraform-sa@terraform-461115.iam.gserviceaccount.com\",\n  \"client_id\": \"105846904325832790492\",\n  \"auth_uri\": \"https://accounts.google.com/o/oauth2/auth\",\n  \"token_uri\": \"https://oauth2.googleapis.com/token\",\n  \"auth_provider_x509_cert_url\": \"https://www.googleapis.com/oauth2/v1/certs\",\n  \"client_x509_cert_url\": \"https://www.googleapis.com/robot/v1/metadata/x509/terraform-sa%40terraform-461115.iam.gserviceaccount.com\",\n  \"universe_domain\": \"googleapis.com\"\n}\n",
            "content_base64": null,
            "content_base64sha256": "z0vHNZRVpzdBS4OGTdYd+fht65AmBjGjkAL3IoREakE=",
            "content_base64sha512": "msuM/QU1EXzaDWdJAKonktKZX7c8mWS4khyspIUh9VLEE1XvGV2A7P5rJnk4LMR7XyTfbsxhBR+XseK7YInCXQ==",
            "content_md5": "a68be7efcbbcc06ffd021f387de31c45",
            "content_sha1": "3e5ef1bbdc789337e506c947af36022ddcf92362",
            "content_sha256": "cf4bc7359455a737414b83864dd61df9f86deb90260631a39002f72284446a41",
            "content_sha512": "9acb8cfd0535117cda0d674900aa2792d2995fb73c9964b8921caca48521f552c41355ef195d80ecfe6b2679382cc47b5f24df6ecc61051f97b1e2bb6089c25d",
            "directory_permission": "0777",
            "file_permission": "0777",
            "filename": "./tester.json",
            "id": "3e5ef1bbdc789337e506c947af36022ddcf92362",
            "sensitive_content": null,
            "source": null
          },
          "sensitive_attributes": [
            [
              {
                "type": "get_attr",
                "value": "content"
              }
            ],
            [
              {
                "type": "get_attr",
                "value": "sensitive_content"
              }
            ]
          ],
          "identity_schema_version": 0,
          "dependencies": [
            "google_service_account.sa",
            "google_service_account_key.gcp_tests"
          ]
        }
      ]
    }
  ],
  "check_results": null
}
