{
  "version": 4,
  "terraform_version": "1.12.1",
  "serial": 22,
  "lineage": "d1ca8456-be4e-14cd-6725-1cbb1a0738b8",
  "outputs": {
    "email": {
      "value": "terraform-sa@terraform-461115.iam.gserviceaccount.com",
      "type": "string"
    },
    "name": {
      "value": "projects/terraform-461115/serviceAccounts/terraform-sa@terraform-461115.iam.gserviceaccount.com",
      "type": "string"
    },
    "unique_id": {
      "value": "101765832247637238187",
      "type": "string"
    }
  },
  "resources": [
    {
      "mode": "data",
      "type": "google_client_config",
      "name": "google_client",
      "provider": "provider[\"registry.terraform.io/hashicorp/google\"]",
      "instances": [
        {
          "schema_version": 0,
          "attributes": {
            "access_token": "ya29.c.c0ASRK0GZRgBsOkwbc9pSeDHMrnMDvMm3enAya3jyi_JAIiq0zJvtA5NPF-OiFI1n79nmhvuzhSx314q1WEtPpMoG2sBMwT1G8_we0zol8FgBhkZm1Vtr7aNNGeMNAvufxRzQlxJ4UMMiPvDDEW2gtqYXVmvhuQuQwpJFjXxDjcE8Z9rMLpxWR2PpqeajVSw7BRwJQjMr1WS6FJ1laIORsbQCqNHXZLlSju7ZUB1aFJSqz_R19V-xww68c9mPHlZ745Djvxqcq0DSQ5LhOKfmE38cM-RP6eDP_zb6z3LaBPI96GL7v-0h_v0GpFzKKXNqPGyXyiXk6qW9HfzfRWU6nWVtCZrHv8srMDhNEbvMkGBboQmcm_vf0P-vfL385Pmi8Sbzf7ZcJmkuMg52Y8QJeefwyZQUVwp6xYUfcyxJ_e2jWa214t35hzv340psI_4gYhd0eb6RxkjspOXwVJkIMbJni5zgXOdgo8uFbZ20Utet4X_1B3tl43zWsjj37W4d62kh85p-xjoo6tIX-XSe1jJpe0U9lOg0U2tzyznRFguVfZmlUe72Ro0uUJjqmMcmQ3fMQw6MVZU3JIJ900f9XzWW6d-Bm4liQQgbJ4R1ggWY5ujXokrY74iQOuZ4-RlfFcXRr3hzBsWQgloBJUwzmBF4bfSwFJ8VSQ5Ylj0BgtR2QZ8bQFMguRs5yShyWFyIVvBb3y2FVZ3WhhoSrb5WuFobz2287BzY7mbs9JrZwuucifUa27drWRkkj0SUbXo0s7645v5szU4xsYuikevtbv05ovif_YqBtvtt5Og6Jr5-h_l5rlhI_l7ddffR3801qFcBddmZkh9jjZIk3ui9hRZ51oRepgjUfbjo2VjOahF4fk3_UUle3JjrbSSa6_avgh22Yzx0qXcp4uu4sBkUa59Xs4gdXInXw1xZqfRhUX_RbqfyJ7SiIB1o_d8QfWOwll3BXo1UuYVYmbzp-3bgmOegvX-IxOBZk6WxakOfk9QQQMzsIwBBg97F",
            "id": "projects/\"terraform-461115\"/regions/\"us-central1\"/zones/\"us-central1-a\"",
            "project": "terraform-461115",
            "region": "us-central1",
            "zone": "us-central1-a"
          },
          "sensitive_attributes": [
            [
              {
                "type": "get_attr",
                "value": "access_token"
              }
            ]
          ],
          "identity_schema_version": 0
        }
      ]
    },
    {
      "mode": "managed",
      "type": "google_compute_instance",
      "name": "vm-fromterraform",
      "provider": "provider[\"registry.terraform.io/hashicorp/google\"]",
      "instances": [
        {
          "schema_version": 6,
          "attributes": {
            "advanced_machine_features": [],
            "allow_stopping_for_update": true,
            "attached_disk": [],
            "boot_disk": [
              {
                "auto_delete": true,
                "device_name": "persistent-disk-0",
                "disk_encryption_key_raw": "",
                "disk_encryption_key_sha256": "",
                "initialize_params": [
                  {
                    "enable_confidential_compute": false,
                    "image": "https://www.googleapis.com/compute/v1/projects/debian-cloud/global/images/debian-11-bullseye-v20250513",
                    "labels": {
                      "disk_function": "boot_os",
                      "environment": "development",
                      "managed_by": "terraform",
                      "os_type": "debian-11"
                    },
                    "provisioned_iops": 0,
                    "provisioned_throughput": 0,
                    "resource_manager_tags": null,
                    "size": 10,
                    "type": "pd-standard"
                  }
                ],
                "kms_key_self_link": "",
                "mode": "READ_WRITE",
                "source": "https://www.googleapis.com/compute/v1/projects/terraform-461115/zones/us-central1-a/disks/vm-from-terraform"
              }
            ],
            "can_ip_forward": false,
            "confidential_instance_config": [],
            "cpu_platform": "Intel Broadwell",
            "current_status": "RUNNING",
            "deletion_protection": false,
            "description": "",
            "desired_status": null,
            "effective_labels": {
              "created_by": "terraform",
              "environment": "development",
              "function": "web-server"
            },
            "enable_display": false,
            "guest_accelerator": [],
            "hostname": "",
            "id": "projects/terraform-461115/zones/us-central1-a/instances/vm-from-terraform",
            "instance_id": "3621712767185837156",
            "label_fingerprint": "550wbhcsn48=",
            "labels": {
              "created_by": "terraform",
              "environment": "development",
              "function": "web-server"
            },
            "machine_type": "e2-medium",
            "metadata": null,
            "metadata_fingerprint": "NkKoL-ZBuG4=",
            "metadata_startup_script": "echo hi \u003e /test.txt",
            "min_cpu_platform": "",
            "name": "vm-from-terraform",
            "network_interface": [
              {
                "access_config": [],
                "alias_ip_range": [],
                "internal_ipv6_prefix_length": 0,
                "ipv6_access_config": [],
                "ipv6_access_type": "",
                "ipv6_address": "",
                "name": "nic0",
                "network": "https://www.googleapis.com/compute/v1/projects/terraform-461115/global/networks/default",
                "network_ip": "10.128.0.2",
                "nic_type": "",
                "queue_count": 0,
                "stack_type": "IPV4_ONLY",
                "subnetwork": "https://www.googleapis.com/compute/v1/projects/terraform-461115/regions/us-central1/subnetworks/default",
                "subnetwork_project": "terraform-461115"
              }
            ],
            "network_performance_config": [],
            "params": [],
            "project": "terraform-461115",
            "reservation_affinity": [],
            "resource_policies": null,
            "scheduling": [
              {
                "automatic_restart": true,
                "instance_termination_action": "",
                "local_ssd_recovery_timeout": [],
                "max_run_duration": [],
                "min_node_cpus": 0,
                "node_affinities": [],
                "on_host_maintenance": "MIGRATE",
                "on_instance_stop_action": [],
                "preemptible": false,
                "provisioning_model": "STANDARD"
              }
            ],
            "scratch_disk": [],
            "self_link": "https://www.googleapis.com/compute/v1/projects/terraform-461115/zones/us-central1-a/instances/vm-from-terraform",
            "service_account": [],
            "shielded_instance_config": [
              {
                "enable_integrity_monitoring": true,
                "enable_secure_boot": false,
                "enable_vtpm": true
              }
            ],
            "tags": [
              "e2-medium",
              "vm-from-tf",
              "web-server"
            ],
            "tags_fingerprint": "dAJwv4Q5dgU=",
            "terraform_labels": {
              "created_by": "terraform",
              "environment": "development",
              "function": "web-server"
            },
            "timeouts": null,
            "zone": "us-central1-a"
          },
          "sensitive_attributes": [
            [
              {
                "type": "get_attr",
                "value": "boot_disk"
              },
              {
                "type": "index",
                "value": {
                  "value": 0,
                  "type": "number"
                }
              },
              {
                "type": "get_attr",
                "value": "disk_encryption_key_raw"
              }
            ]
          ],
          "identity_schema_version": 0,
          "private": "eyJlMmJmYjczMC1lY2FhLTExZTYtOGY4OC0zNDM2M2JjN2M0YzAiOnsiY3JlYXRlIjoxMjAwMDAwMDAwMDAwLCJkZWxldGUiOjEyMDAwMDAwMDAwMDAsInVwZGF0ZSI6MTIwMDAwMDAwMDAwMH0sInNjaGVtYV92ZXJzaW9uIjoiNiJ9"
        }
      ]
    },
    {
      "mode": "managed",
      "type": "google_project_iam_member",
      "name": "sa_iam",
      "provider": "provider[\"registry.terraform.io/hashicorp/google\"]",
      "instances": [
        {
          "index_key": "roles/storage.admin",
          "schema_version": 0,
          "attributes": {
            "condition": [],
            "etag": "BwY2J9lYxsU=",
            "id": "terraform-461115/roles/storage.admin/serviceAccount:terraform-sa@terraform-461115.iam.gserviceaccount.com",
            "member": "serviceAccount:terraform-sa@terraform-461115.iam.gserviceaccount.com",
            "project": "terraform-461115",
            "role": "roles/storage.admin"
          },
          "sensitive_attributes": [],
          "identity_schema_version": 0,
          "private": "bnVsbA==",
          "dependencies": [
            "data.google_client_config.google_client",
            "google_service_account.sa"
          ]
        }
      ]
    },
    {
      "mode": "managed",
      "type": "google_service_account",
      "name": "sa",
      "provider": "provider[\"registry.terraform.io/hashicorp/google\"]",
      "instances": [
        {
          "schema_version": 0,
          "attributes": {
            "account_id": "terraform-sa",
            "create_ignore_already_exists": null,
            "description": "",
            "disabled": false,
            "display_name": "managed-by-terraform",
            "email": "terraform-sa@terraform-461115.iam.gserviceaccount.com",
            "id": "projects/terraform-461115/serviceAccounts/terraform-sa@terraform-461115.iam.gserviceaccount.com",
            "member": "serviceAccount:terraform-sa@terraform-461115.iam.gserviceaccount.com",
            "name": "projects/terraform-461115/serviceAccounts/terraform-sa@terraform-461115.iam.gserviceaccount.com",
            "project": "terraform-461115",
            "timeouts": null,
            "unique_id": "101765832247637238187"
          },
          "sensitive_attributes": [],
          "identity_schema_version": 0,
          "private": "eyJlMmJmYjczMC1lY2FhLTExZTYtOGY4OC0zNDM2M2JjN2M0YzAiOnsiY3JlYXRlIjozMDAwMDAwMDAwMDB9fQ=="
        }
      ]
    },
    {
      "mode": "managed",
      "type": "google_service_account_key",
      "name": "gcp_tests",
      "provider": "provider[\"registry.terraform.io/hashicorp/google\"]",
      "instances": [
        {
          "schema_version": 0,
          "attributes": {
            "id": "projects/terraform-461115/serviceAccounts/terraform-sa@terraform-461115.iam.gserviceaccount.com/keys/c68e39e589d70a3c7a2ff614680aeaf53f70c51a",
            "keepers": null,
            "key_algorithm": "KEY_ALG_RSA_2048",
            "name": "projects/terraform-461115/serviceAccounts/terraform-sa@terraform-461115.iam.gserviceaccount.com/keys/c68e39e589d70a3c7a2ff614680aeaf53f70c51a",
            "private_key": "ewogICJ0eXBlIjogInNlcnZpY2VfYWNjb3VudCIsCiAgInByb2plY3RfaWQiOiAidGVycmFmb3JtLTQ2MTExNSIsCiAgInByaXZhdGVfa2V5X2lkIjogImM2OGUzOWU1ODlkNzBhM2M3YTJmZjYxNDY4MGFlYWY1M2Y3MGM1MWEiLAogICJwcml2YXRlX2tleSI6ICItLS0tLUJFR0lOIFBSSVZBVEUgS0VZLS0tLS1cbk1JSUV2Z0lCQURBTkJna3Foa2lHOXcwQkFRRUZBQVNDQktnd2dnU2tBZ0VBQW9JQkFRREM0L3VLRGh2ZnM1bGNcbnZCQTZRSU5UU1FCdVU5S3VsT3VweDhBdFNmUVFLS0pBSWE3K0U3d1crR2IzU3daRXBPRVlzSlJqUEw5TGJaNG9cbnpXaUV4aHZCc2htOUxuUDdUYWJrMis4T0xkdXduV09GWk1YT0EwRG5BWWJNa0czYUpOTmgzaktWeklSYzRaUERcbnNrclNObnp5bU02aGQwNlVOOGs1VWZrYktQaTVJMTFaZEN1bWNTd214M3FOYmJiV0ZYTHZMb2RpOFpWbkszWHVcbnZVb1pMMXhidHc0eU9iZ2QxK0hjVE4ycjA5ekQ1NkdISnhPR3dXS05YOG9XTDNuUFpqNGRRMnVmZXFNZ0k2YTVcbmhIUm9JRzlTWWdiRmNBUjk0aUVPdGdqUU51MWlPZUl2VnVCYjlmT2UxUWlTZ1BoTXo2cEpGNVVyekVoSTBQZitcblJDMHpkMXBsQWdNQkFBRUNnZ0VBRG1pWEQvdWZqWEFraWtIZ0xFSlpRemJPT0puclpWdGV1ZmhwNlo5Q1UxQ0JcbndGNk5KcjAwUm5sNmVWVjdZdWRTdWdYU0RxMHUwbWVLRGllempyOXJ6V3Y2c2EwbHg0SlQ4SzhlOHl3cVJobzRcbndhT3o2Umw5K3FZMi9sZytPdWJHbHdGN3VXMzdxamRHT3ExcmtUT1VsTVg5M3R1b2ZGWk1ndmVmeEdXSXovMGZcblpCSFhLT3FmNVFodm9YSXRudjgxQjI4R2pkd0Nza2xpVkxUZi9CR2M0NkZiZTM5VCt0RVlNSkkvOCtoZytwejhcbmVZajdIRTdVNkd5Zm5rTitmeVBaNTczcTFaNElMdmx4cWcyZWtxV3dBNGlSeEQ5bHRkcW5oT3BiN2p2b2hwMmtcbjBVanRNOXZ2NVJvOGFaclpFRGZ6c2svTkFoUE52MkdyZ3BHSCt6a3dZUUtCZ1FEMytBZmdYY3pweXowYzFrRlRcbit5NmpkOENneHVLOW1kVXB0T1NHMDFFUDFROUk0S2pHTnZwMmVRZUhtM21oMTlXUVBvSlZJUGZ3dncvWmo3QWdcbnJtOVpqWTBac0dYZ2ZZb3RoNUp0NzJ3UDVWelc5ZnJSRjQwUzFkVi9pamxDc1IwYnA3L3FKUzRxL2RQYVdVQUhcblBnWlpyN2lXZCtMMUErcTAxc0pvbnlna0JRS0JnUURKTTkzbmR1SkZkMjdvMWtPSm85NmJPejgvZUtzTUpXakJcbjZXVHBVVGtJVU9pc1JPaXhPVXdWSTRCNzVoZlpRYkVpK0IvOHkwS1NPRk1VdkpoRnpCUlZOdVJ0a0o1a3VGeGpcbmQzenZpa1dSbUM2bzU3MTdTNVFPR1gvWHR6THNsdDdvc1Avb0RXQnBUSUE4UHlHTWNWWW0xUVd2dTlWYzRCZ2FcbjJ0YzlUc0dLNFFLQmdRRGY3Mldsa1BCS1B0bk0zZzBYTzZMdHkycnhoMHNqTVBhWmVKeGN5aC9OclhybE5NWVdcblkzWWpZYitVRHF0MHBrZGV3YVRRSGpycmRwQm95T09sVUFLTkhGRk4zc2pTU0cxdUdwMzVuQnU1NjBmQmRWanlcblZWTjRyQlhuM1R0QzZGSkNOR2NUbkVvcVZ4cG9lT3RpM3ZlN0xQOEZHL1doa2N6M1RXODZMbW1BeFFLQmdGZENcbnBsL0hnSlRPR296aXVFSE9qekhWdlRXQzJQUVltVmxZSnNyRnppMWNJYnpzMmRwYTFqTm94VVYyNGlyNFFhRy9cbjZPZVRJOWtVa251dzIzMlI1OU9aVGZKeXdTOC9nZG9sclVxYU5sZlJuNUxqaHBzZGlTV2dTNEM3MUZzbGg2RjFcbmVsY2l6Z2g5QkRTYzBLai9VblRlK0d0aDFFUkdjRTNkVVhJbVlPd2hBb0dCQVBWYk45OFhsU0hxUjVrMHFZVk1cbitMSng1cm5zaE4rcGczbEVsbzhGMUpKQjRDVHhEczVtUG5VdXJHVm5mSWVyY0NhMG9jSVNObHJZYWZvaG5TcDlcbkttQVFjM25wcXlRZ0xnWkhJYUFpQ2xCdlc3NmVyOUJKS2QrV1FYdWp3NnV2TVl2d1VGemdPLzBzNTE4KzRDdnFcbk8zN3Z1MXZnRTIrRVN3RGJFeFpkQ1ZLYVxuLS0tLS1FTkQgUFJJVkFURSBLRVktLS0tLVxuIiwKICAiY2xpZW50X2VtYWlsIjogInRlcnJhZm9ybS1zYUB0ZXJyYWZvcm0tNDYxMTE1LmlhbS5nc2VydmljZWFjY291bnQuY29tIiwKICAiY2xpZW50X2lkIjogIjEwMTc2NTgzMjI0NzYzNzIzODE4NyIsCiAgImF1dGhfdXJpIjogImh0dHBzOi8vYWNjb3VudHMuZ29vZ2xlLmNvbS9vL29hdXRoMi9hdXRoIiwKICAidG9rZW5fdXJpIjogImh0dHBzOi8vb2F1dGgyLmdvb2dsZWFwaXMuY29tL3Rva2VuIiwKICAiYXV0aF9wcm92aWRlcl94NTA5X2NlcnRfdXJsIjogImh0dHBzOi8vd3d3Lmdvb2dsZWFwaXMuY29tL29hdXRoMi92MS9jZXJ0cyIsCiAgImNsaWVudF94NTA5X2NlcnRfdXJsIjogImh0dHBzOi8vd3d3Lmdvb2dsZWFwaXMuY29tL3JvYm90L3YxL21ldGFkYXRhL3g1MDkvdGVycmFmb3JtLXNhJTQwdGVycmFmb3JtLTQ2MTExNS5pYW0uZ3NlcnZpY2VhY2NvdW50LmNvbSIsCiAgInVuaXZlcnNlX2RvbWFpbiI6ICJnb29nbGVhcGlzLmNvbSIKfQo=",
            "private_key_type": "TYPE_GOOGLE_CREDENTIALS_FILE",
            "public_key": "LS0tLS1CRUdJTiBDRVJUSUZJQ0FURS0tLS0tCk1JSUMvRENDQWVTZ0F3SUJBZ0lJYW5SM2hzU0lJM0l3RFFZSktvWklodmNOQVFFRkJRQXdJREVlTUJ3R0ExVUUKQXd3Vk1UQXhOelkxT0RNeU1qUTNOak0zTWpNNE1UZzNNQ0FYRFRJMU1EVXlPREF4TURFek1sb1lEems1T1RreApNak14TWpNMU9UVTVXakFnTVI0d0hBWURWUVFEREJVeE1ERTNOalU0TXpJeU5EYzJNemN5TXpneE9EY3dnZ0VpCk1BMEdDU3FHU0liM0RRRUJBUVVBQTRJQkR3QXdnZ0VLQW9JQkFRREM0L3VLRGh2ZnM1bGN2QkE2UUlOVFNRQnUKVTlLdWxPdXB4OEF0U2ZRUUtLSkFJYTcrRTd3VytHYjNTd1pFcE9FWXNKUmpQTDlMYlo0b3pXaUV4aHZCc2htOQpMblA3VGFiazIrOE9MZHV3bldPRlpNWE9BMERuQVliTWtHM2FKTk5oM2pLVnpJUmM0WlBEc2tyU05uenltTTZoCmQwNlVOOGs1VWZrYktQaTVJMTFaZEN1bWNTd214M3FOYmJiV0ZYTHZMb2RpOFpWbkszWHV2VW9aTDF4YnR3NHkKT2JnZDErSGNUTjJyMDl6RDU2R0hKeE9Hd1dLTlg4b1dMM25QWmo0ZFEydWZlcU1nSTZhNWhIUm9JRzlTWWdiRgpjQVI5NGlFT3RnalFOdTFpT2VJdlZ1QmI5Zk9lMVFpU2dQaE16NnBKRjVVcnpFaEkwUGYrUkMwemQxcGxBZ01CCkFBR2pPREEyTUF3R0ExVWRFd0VCL3dRQ01BQXdEZ1lEVlIwUEFRSC9CQVFEQWdlQU1CWUdBMVVkSlFFQi93UU0KTUFvR0NDc0dBUVVGQndNQ01BMEdDU3FHU0liM0RRRUJCUVVBQTRJQkFRQy9YSkEzNDhqRzh3NUFzd1VuS0dGQgpzcGEzWDJrQng3eThaWXhMWHI3MkJNS1NJRTBwaXVoTXo5WnptUk1xMGFIQTZMVnpDMmJqT0t1c0YwMHA3NmVaCjh5OVJnQ3EwNDV0dlJ5UUpCaGxJcFZHV1R0TnBwSFFMVGg0MWd0anFDVmIwVEh4dklHamJwOEFaKzhGQ3NrRUcKNktobTIzbENKUEFvQU5nSmFPUmFDamgvREZBVUo2TThUcHZUQXRlN1NZaWtoZnpKVGZMMEhhUVNieWNvMEF2YQpGNFl4LytTZkJNYm9rTEIzbGpaVlRyUThmVEZmOUMrN1ZHVWJDOFJveFQzbDJnNGdlM096ZHhZdEwyakcwY3NxCjkzRkpTK3o4TVlnM1FFY0Y5UWhsQzVOQkF3Q1hzbnFud1RINUhNTlFybmVEdUgxYVJtcUk2Yk83Qk5VKzEzM2oKLS0tLS1FTkQgQ0VSVElGSUNBVEUtLS0tLQo=",
            "public_key_data": null,
            "public_key_type": "TYPE_X509_PEM_FILE",
            "service_account_id": "projects/terraform-461115/serviceAccounts/terraform-sa@terraform-461115.iam.gserviceaccount.com",
            "valid_after": "2025-05-28T01:01:32Z",
            "valid_before": "9999-12-31T23:59:59Z"
          },
          "sensitive_attributes": [
            [
              {
                "type": "get_attr",
                "value": "private_key"
              }
            ]
          ],
          "identity_schema_version": 0,
          "private": "bnVsbA==",
          "dependencies": [
            "google_service_account.sa"
          ]
        }
      ]
    },
    {
      "mode": "managed",
      "type": "local_file",
      "name": "gcp_tests_store",
      "provider": "provider[\"registry.terraform.io/hashicorp/local\"]",
      "instances": [
        {
          "schema_version": 0,
          "attributes": {
            "content": "{\n  \"type\": \"service_account\",\n  \"project_id\": \"terraform-461115\",\n  \"private_key_id\": \"c68e39e589d70a3c7a2ff614680aeaf53f70c51a\",\n  \"private_key\": \"-----BEGIN PRIVATE KEY-----\\nMIIEvgIBADANBgkqhkiG9w0BAQEFAASCBKgwggSkAgEAAoIBAQDC4/uKDhvfs5lc\\nvBA6QINTSQBuU9KulOupx8AtSfQQKKJAIa7+E7wW+Gb3SwZEpOEYsJRjPL9LbZ4o\\nzWiExhvBshm9LnP7Tabk2+8OLduwnWOFZMXOA0DnAYbMkG3aJNNh3jKVzIRc4ZPD\\nskrSNnzymM6hd06UN8k5UfkbKPi5I11ZdCumcSwmx3qNbbbWFXLvLodi8ZVnK3Xu\\nvUoZL1xbtw4yObgd1+HcTN2r09zD56GHJxOGwWKNX8oWL3nPZj4dQ2ufeqMgI6a5\\nhHRoIG9SYgbFcAR94iEOtgjQNu1iOeIvVuBb9fOe1QiSgPhMz6pJF5UrzEhI0Pf+\\nRC0zd1plAgMBAAECggEADmiXD/ufjXAkikHgLEJZQzbOOJnrZVteufhp6Z9CU1CB\\nwF6NJr00Rnl6eVV7YudSugXSDq0u0meKDiezjr9rzWv6sa0lx4JT8K8e8ywqRho4\\nwaOz6Rl9+qY2/lg+OubGlwF7uW37qjdGOq1rkTOUlMX93tuofFZMgvefxGWIz/0f\\nZBHXKOqf5QhvoXItnv81B28GjdwCskliVLTf/BGc46Fbe39T+tEYMJI/8+hg+pz8\\neYj7HE7U6GyfnkN+fyPZ573q1Z4ILvlxqg2ekqWwA4iRxD9ltdqnhOpb7jvohp2k\\n0UjtM9vv5Ro8aZrZEDfzsk/NAhPNv2GrgpGH+zkwYQKBgQD3+AfgXczpyz0c1kFT\\n+y6jd8CgxuK9mdUptOSG01EP1Q9I4KjGNvp2eQeHm3mh19WQPoJVIPfwvw/Zj7Ag\\nrm9ZjY0ZsGXgfYoth5Jt72wP5VzW9frRF40S1dV/ijlCsR0bp7/qJS4q/dPaWUAH\\nPgZZr7iWd+L1A+q01sJonygkBQKBgQDJM93nduJFd27o1kOJo96bOz8/eKsMJWjB\\n6WTpUTkIUOisROixOUwVI4B75hfZQbEi+B/8y0KSOFMUvJhFzBRVNuRtkJ5kuFxj\\nd3zvikWRmC6o5717S5QOGX/XtzLslt7osP/oDWBpTIA8PyGMcVYm1QWvu9Vc4Bga\\n2tc9TsGK4QKBgQDf72WlkPBKPtnM3g0XO6Lty2rxh0sjMPaZeJxcyh/NrXrlNMYW\\nY3YjYb+UDqt0pkdewaTQHjrrdpBoyOOlUAKNHFFN3sjSSG1uGp35nBu560fBdVjy\\nVVN4rBXn3TtC6FJCNGcTnEoqVxpoeOti3ve7LP8FG/Whkcz3TW86LmmAxQKBgFdC\\npl/HgJTOGoziuEHOjzHVvTWC2PQYmVlYJsrFzi1cIbzs2dpa1jNoxUV24ir4QaG/\\n6OeTI9kUknuw232R59OZTfJywS8/gdolrUqaNlfRn5LjhpsdiSWgS4C71Fslh6F1\\nelcizgh9BDSc0Kj/UnTe+Gth1ERGcE3dUXImYOwhAoGBAPVbN98XlSHqR5k0qYVM\\n+LJx5rnshN+pg3lElo8F1JJB4CTxDs5mPnUurGVnfIercCa0ocISNlrYafohnSp9\\nKmAQc3npqyQgLgZHIaAiClBvW76er9BJKd+WQXujw6uvMYvwUFzgO/0s518+4Cvq\\nO37vu1vgE2+ESwDbExZdCVKa\\n-----END PRIVATE KEY-----\\n\",\n  \"client_email\": \"terraform-sa@terraform-461115.iam.gserviceaccount.com\",\n  \"client_id\": \"101765832247637238187\",\n  \"auth_uri\": \"https://accounts.google.com/o/oauth2/auth\",\n  \"token_uri\": \"https://oauth2.googleapis.com/token\",\n  \"auth_provider_x509_cert_url\": \"https://www.googleapis.com/oauth2/v1/certs\",\n  \"client_x509_cert_url\": \"https://www.googleapis.com/robot/v1/metadata/x509/terraform-sa%40terraform-461115.iam.gserviceaccount.com\",\n  \"universe_domain\": \"googleapis.com\"\n}\n",
            "content_base64": null,
            "content_base64sha256": "uk/XuiGuOQO/ANgjYIZEc+P/lklwoYA+lG3n0e8XoD8=",
            "content_base64sha512": "zEpgmTqErR3dYVmTSNpvWp02RuWDcoNmsqJNVw7kYeKcrf8DQUj9v/nLtgnRnfk5cI6gDbVggzcSKELj3RY8BQ==",
            "content_md5": "cd595ab457011be5f27c3813469a75dc",
            "content_sha1": "0b13fe824a27be53e10cff207bba978a71fed0c4",
            "content_sha256": "ba4fd7ba21ae3903bf00d82360864473e3ff964970a1803e946de7d1ef17a03f",
            "content_sha512": "cc4a60993a84ad1ddd61599348da6f5a9d3646e583728366b2a24d570ee461e29cadff034148fdbff9cbb609d19df939708ea00db5608337122842e3dd163c05",
            "directory_permission": "0777",
            "file_permission": "0777",
            "filename": "./tester.json",
            "id": "0b13fe824a27be53e10cff207bba978a71fed0c4",
            "sensitive_content": null,
            "source": null
          },
          "sensitive_attributes": [
            [
              {
                "type": "get_attr",
                "value": "content"
              }
            ],
            [
              {
                "type": "get_attr",
                "value": "sensitive_content"
              }
            ]
          ],
          "identity_schema_version": 0,
          "dependencies": [
            "google_service_account.sa",
            "google_service_account_key.gcp_tests"
          ]
        }
      ]
    }
  ],
  "check_results": null
}
